
Microsoft Visual Studio Solution File, Format Version 12.00
# Visual Studio Version 17
VisualStudioVersion = 17.14.36202.13
MinimumVisualStudioVersion = 10.0.40219.1
Project("{FAE04EC0-301F-11D3-BF4B-00C04F79EFBC}") = "MarsRover.ConsoleApplication", "MarsRover.ConsoleApplication.csproj", "{6164A578-0D7D-4BEE-913D-B003B2BD3BCC}"
EndProject
Project("{FAE04EC0-301F-11D3-BF4B-00C04F79EFBC}") = "MarsRover.Tests", "..\MarsRover.Tests\MarsRover.Tests.csproj", "{186311B2-3C0B-4D2F-AD34-CC4F948EDF4A}"
EndProject
Global
	GlobalSection(SolutionConfigurationPlatforms) = preSolution
		Debug|Any CPU = Debug|Any CPU
		Release|Any CPU = Release|Any CPU
	EndGlobalSection
	GlobalSection(ProjectConfigurationPlatforms) = postSolution
		{6164A578-0D7D-4BEE-913D-B003B2BD3BCC}.Debug|Any CPU.ActiveCfg = Debug|Any CPU
		{6164A578-0D7D-4BEE-913D-B003B2BD3BCC}.Debug|Any CPU.Build.0 = Debug|Any CPU
		{6164A578-0D7D-4BEE-913D-B003B2BD3BCC}.Release|Any CPU.ActiveCfg = Release|Any CPU
		{6164A578-0D7D-4BEE-913D-B003B2BD3BCC}.Release|Any CPU.Build.0 = Release|Any CPU
		{186311B2-3C0B-4D2F-AD34-CC4F948EDF4A}.Debug|Any CPU.ActiveCfg = Debug|Any CPU
		{186311B2-3C0B-4D2F-AD34-CC4F948EDF4A}.Debug|Any CPU.Build.0 = Debug|Any CPU
		{186311B2-3C0B-4D2F-AD34-CC4F948EDF4A}.Release|Any CPU.ActiveCfg = Release|Any CPU
		{186311B2-3C0B-4D2F-AD34-CC4F948EDF4A}.Release|Any CPU.Build.0 = Release|Any CPU
	EndGlobalSection
	GlobalSection(SolutionProperties) = preSolution
		HideSolutionNode = FALSE
	EndGlobalSection
	GlobalSection(ExtensibilityGlobals) = postSolution
		SolutionGuid = {E2DC446B-0488-4409-8FD0-0632C0CF5A79}
	EndGlobalSection
EndGlobal
